// !$*UTF8*$!
{
	archiveVersion = 1;
	classes = {
	};
	objectVersion = 50;
	objects = {

/* Begin PBXBuildFile section */
		9256B85723E4595C0045EAA5 /* AppDelegate.swift in Sources */ = {isa = PBXBuildFile; fileRef = 9256B85623E4595C0045EAA5 /* AppDelegate.swift */; };
		9256B85923E4595C0045EAA5 /* SceneDelegate.swift in Sources */ = {isa = PBXBuildFile; fileRef = 9256B85823E4595C0045EAA5 /* SceneDelegate.swift */; };
		9256B85E23E4595C0045EAA5 /* Main.storyboard in Resources */ = {isa = PBXBuildFile; fileRef = 9256B85C23E4595C0045EAA5 /* Main.storyboard */; };
		9256B86023E4595D0045EAA5 /* Assets.xcassets in Resources */ = {isa = PBXBuildFile; fileRef = 9256B85F23E4595D0045EAA5 /* Assets.xcassets */; };
		9256B86323E4595D0045EAA5 /* LaunchScreen.storyboard in Resources */ = {isa = PBXBuildFile; fileRef = 9256B86123E4595D0045EAA5 /* LaunchScreen.storyboard */; };
		9256B86B23E45F4C0045EAA5 /* TableViewController.swift in Sources */ = {isa = PBXBuildFile; fileRef = 9256B86A23E45F4C0045EAA5 /* TableViewController.swift */; };
		9256B86D23E463B00045EAA5 /* DetailsViewController.swift in Sources */ = {isa = PBXBuildFile; fileRef = 9256B86C23E463B00045EAA5 /* DetailsViewController.swift */; };
		9256B86F23E464FA0045EAA5 /* Model.swift in Sources */ = {isa = PBXBuildFile; fileRef = 9256B86E23E464FA0045EAA5 /* Model.swift */; };
		9256B87123E57A930045EAA5 /* FilmInfo.swift in Sources */ = {isa = PBXBuildFile; fileRef = 9256B87023E57A930045EAA5 /* FilmInfo.swift */; };
		9256B87323E5C4460045EAA5 /* TableViewCell.swift in Sources */ = {isa = PBXBuildFile; fileRef = 9256B87223E5C4460045EAA5 /* TableViewCell.swift */; };
		9256B87523E5D3E20045EAA5 /* UIColorExtension.swift in Sources */ = {isa = PBXBuildFile; fileRef = 9256B87423E5D3E20045EAA5 /* UIColorExtension.swift */; };
/* End PBXBuildFile section */

/* Begin PBXFileReference section */
		9256B85323E4595C0045EAA5 /* ListOfFilms.app */ = {isa = PBXFileReference; explicitFileType = wrapper.application; includeInIndex = 0; path = ListOfFilms.app; sourceTree = BUILT_PRODUCTS_DIR; };
		9256B85623E4595C0045EAA5 /* AppDelegate.swift */ = {isa = PBXFileReference; lastKnownFileType = sourcecode.swift; path = AppDelegate.swift; sourceTree = "<group>"; };
		9256B85823E4595C0045EAA5 /* SceneDelegate.swift */ = {isa = PBXFileReference; lastKnownFileType = sourcecode.swift; path = SceneDelegate.swift; sourceTree = "<group>"; };
		9256B85D23E4595C0045EAA5 /* Base */ = {isa = PBXFileReference; lastKnownFileType = file.storyboard; name = Base; path = Base.lproj/Main.storyboard; sourceTree = "<group>"; };
		9256B85F23E4595D0045EAA5 /* Assets.xcassets */ = {isa = PBXFileReference; lastKnownFileType = folder.assetcatalog; path = Assets.xcassets; sourceTree = "<group>"; };
		9256B86223E4595D0045EAA5 /* Base */ = {isa = PBXFileReference; lastKnownFileType = file.storyboard; name = Base; path = Base.lproj/LaunchScreen.storyboard; sourceTree = "<group>"; };
		9256B86423E4595D0045EAA5 /* Info.plist */ = {isa = PBXFileReference; lastKnownFileType = text.plist.xml; path = Info.plist; sourceTree = "<group>"; };
		9256B86A23E45F4C0045EAA5 /* TableViewController.swift */ = {isa = PBXFileReference; lastKnownFileType = sourcecode.swift; path = TableViewController.swift; sourceTree = "<group>"; };
		9256B86C23E463B00045EAA5 /* DetailsViewController.swift */ = {isa = PBXFileReference; lastKnownFileType = sourcecode.swift; path = DetailsViewController.swift; sourceTree = "<group>"; };
		9256B86E23E464FA0045EAA5 /* Model.swift */ = {isa = PBXFileReference; lastKnownFileType = sourcecode.swift; path = Model.swift; sourceTree = "<group>"; };
		9256B87023E57A930045EAA5 /* FilmInfo.swift */ = {isa = PBXFileReference; lastKnownFileType = sourcecode.swift; path = FilmInfo.swift; sourceTree = "<group>"; };
		9256B87223E5C4460045EAA5 /* TableViewCell.swift */ = {isa = PBXFileReference; lastKnownFileType = sourcecode.swift; path = TableViewCell.swift; sourceTree = "<group>"; };
		9256B87423E5D3E20045EAA5 /* UIColorExtension.swift */ = {isa = PBXFileReference; lastKnownFileType = sourcecode.swift; path = UIColorExtension.swift; sourceTree = "<group>"; };
/* End PBXFileReference section */

/* Begin PBXFrameworksBuildPhase section */
		9256B85023E4595C0045EAA5 /* Frameworks */ = {
			isa = PBXFrameworksBuildPhase;
			buildActionMask = 2147483647;
			files = (
			);
			runOnlyForDeploymentPostprocessing = 0;
		};
/* End PBXFrameworksBuildPhase section */

/* Begin PBXGroup section */
		9256B84A23E4595C0045EAA5 = {
			isa = PBXGroup;
			children = (
				9256B85523E4595C0045EAA5 /* ListOfFilms */,
				9256B85423E4595C0045EAA5 /* Products */,
			);
			sourceTree = "<group>";
		};
		9256B85423E4595C0045EAA5 /* Products */ = {
			isa = PBXGroup;
			children = (
				9256B85323E4595C0045EAA5 /* ListOfFilms.app */,
			);
			name = Products;
			sourceTree = "<group>";
		};
		9256B85523E4595C0045EAA5 /* ListOfFilms */ = {
			isa = PBXGroup;
			children = (
				9256B85623E4595C0045EAA5 /* AppDelegate.swift */,
				9256B85823E4595C0045EAA5 /* SceneDelegate.swift */,
				9256B86A23E45F4C0045EAA5 /* TableViewController.swift */,
				9256B86C23E463B00045EAA5 /* DetailsViewController.swift */,
				9256B87223E5C4460045EAA5 /* TableViewCell.swift */,
				9256B87423E5D3E20045EAA5 /* UIColorExtension.swift */,
				9256B87623E6258C0045EAA5 /* Model */,
				9256B85C23E4595C0045EAA5 /* Main.storyboard */,
				9256B85F23E4595D0045EAA5 /* Assets.xcassets */,
				9256B86123E4595D0045EAA5 /* LaunchScreen.storyboard */,
				9256B86423E4595D0045EAA5 /* Info.plist */,
			);
			path = ListOfFilms;
			sourceTree = "<group>";
		};
		9256B87623E6258C0045EAA5 /* Model */ = {
			isa = PBXGroup;
			children = (
				9256B87023E57A930045EAA5 /* FilmInfo.swift */,
				9256B86E23E464FA0045EAA5 /* Model.swift */,
			);
			path = Model;
			sourceTree = "<group>";
		};
/* End PBXGroup section */

/* Begin PBXNativeTarget section */
		9256B85223E4595C0045EAA5 /* ListOfFilms */ = {
			isa = PBXNativeTarget;
			buildConfigurationList = 9256B86723E4595D0045EAA5 /* Build configuration list for PBXNativeTarget "ListOfFilms" */;
			buildPhases = (
				9256B84F23E4595C0045EAA5 /* Sources */,
				9256B85023E4595C0045EAA5 /* Frameworks */,
				9256B85123E4595C0045EAA5 /* Resources */,
			);
			buildRules = (
			);
			dependencies = (
			);
			name = ListOfFilms;
			productName = ListOfFilms;
			productReference = 9256B85323E4595C0045EAA5 /* ListOfFilms.app */;
			productType = "com.apple.product-type.application";
		};
/* End PBXNativeTarget section */

/* Begin PBXProject section */
		9256B84B23E4595C0045EAA5 /* Project object */ = {
			isa = PBXProject;
			attributes = {
				LastSwiftUpdateCheck = 1130;
				LastUpgradeCheck = 1130;
				ORGANIZATIONNAME = "Kuzhelev Anton";
				TargetAttributes = {
					9256B85223E4595C0045EAA5 = {
						CreatedOnToolsVersion = 11.3.1;
					};
				};
			};
			buildConfigurationList = 9256B84E23E4595C0045EAA5 /* Build configuration list for PBXProject "ListOfFilms" */;
			compatibilityVersion = "Xcode 9.3";
			developmentRegion = en;
			hasScannedForEncodings = 0;
			knownRegions = (
				en,
				Base,
			);
			mainGroup = 9256B84A23E4595C0045EAA5;
			productRefGroup = 9256B85423E4595C0045EAA5 /* Products */;
			projectDirPath = "";
			projectRoot = "";
			targets = (
				9256B85223E4595C0045EAA5 /* ListOfFilms */,
			);
		};
/* End PBXProject section */

/* Begin PBXResourcesBuildPhase section */
		9256B85123E4595C0045EAA5 /* Resources */ = {
			isa = PBXResourcesBuildPhase;
			buildActionMask = 2147483647;
			files = (
				9256B86323E4595D0045EAA5 /* LaunchScreen.storyboard in Resources */,
				9256B86023E4595D0045EAA5 /* Assets.xcassets in Resources */,
				9256B85E23E4595C0045EAA5 /* Main.storyboard in Resources */,
			);
			runOnlyForDeploymentPostprocessing = 0;
		};
/* End PBXResourcesBuildPhase section */

/* Begin PBXSourcesBuildPhase section */
		9256B84F23E4595C0045EAA5 /* Sources */ = {
			isa = PBXSourcesBuildPhase;
			buildActionMask = 2147483647;
			files = (
				9256B86F23E464FA0045EAA5 /* Model.swift in Sources */,
				9256B85723E4595C0045EAA5 /* AppDelegate.swift in Sources */,
				9256B86B23E45F4C0045EAA5 /* TableViewController.swift in Sources */,
				9256B87523E5D3E20045EAA5 /* UIColorExtension.swift in Sources */,
				9256B87123E57A930045EAA5 /* FilmInfo.swift in Sources */,
				9256B85923E4595C0045EAA5 /* SceneDelegate.swift in Sources */,
				9256B87323E5C4460045EAA5 /* TableViewCell.swift in Sources */,
				9256B86D23E463B00045EAA5 /* DetailsViewController.swift in Sources */,
			);
			runOnlyForDeploymentPostprocessing = 0;
		};
/* End PBXSourcesBuildPhase section */

/* Begin PBXVariantGroup section */
		9256B85C23E4595C0045EAA5 /* Main.storyboard */ = {
			isa = PBXVariantGroup;
			children = (
				9256B85D23E4595C0045EAA5 /* Base */,
			);
			name = Main.storyboard;
			sourceTree = "<group>";
		};
		9256B86123E4595D0045EAA5 /* LaunchScreen.storyboard */ = {
			isa = PBXVariantGroup;
			children = (
				9256B86223E4595D0045EAA5 /* Base */,
			);
			name = LaunchScreen.storyboard;
			sourceTree = "<group>";
		};
/* End PBXVariantGroup section */

/* Begin XCBuildConfiguration section */
		9256B86523E4595D0045EAA5 /* Debug */ = {
			isa = XCBuildConfiguration;
			buildSettings = {
				ALWAYS_SEARCH_USER_PATHS = NO;
				CLANG_ANALYZER_NONNULL = YES;
				CLANG_ANALYZER_NUMBER_OBJECT_CONVERSION = YES_AGGRESSIVE;
				CLANG_CXX_LANGUAGE_STANDARD = "gnu++14";
				CLANG_CXX_LIBRARY = "libc++";
				CLANG_ENABLE_MODULES = YES;
				CLANG_ENABLE_OBJC_ARC = YES;
				CLANG_ENABLE_OBJC_WEAK = YES;
				CLANG_WARN_BLOCK_CAPTURE_AUTORELEASING = YES;
				CLANG_WARN_BOOL_CONVERSION = YES;
				CLANG_WARN_COMMA = YES;
				CLANG_WARN_CONSTANT_CONVERSION = YES;
				CLANG_WARN_DEPRECATED_OBJC_IMPLEMENTATIONS = YES;
				CLANG_WARN_DIRECT_OBJC_ISA_USAGE = YES_ERROR;
				CLANG_WARN_DOCUMENTATION_COMMENTS = YES;
				CLANG_WARN_EMPTY_BODY = YES;
				CLANG_WARN_ENUM_CONVERSION = YES;
				CLANG_WARN_INFINITE_RECURSION = YES;
				CLANG_WARN_INT_CONVERSION = YES;
				CLANG_WARN_NON_LITERAL_NULL_CONVERSION = YES;
				CLANG_WARN_OBJC_IMPLICIT_RETAIN_SELF = YES;
				CLANG_WARN_OBJC_LITERAL_CONVERSION = YES;
				CLANG_WARN_OBJC_ROOT_CLASS = YES_ERROR;
				CLANG_WARN_RANGE_LOOP_ANALYSIS = YES;
				CLANG_WARN_STRICT_PROTOTYPES = YES;
				CLANG_WARN_SUSPICIOUS_MOVE = YES;
				CLANG_WARN_UNGUARDED_AVAILABILITY = YES_AGGRESSIVE;
				CLANG_WARN_UNREACHABLE_CODE = YES;
				CLANG_WARN__DUPLICATE_METHOD_MATCH = YES;
				COPY_PHASE_STRIP = NO;
				DEBUG_INFORMATION_FORMAT = dwarf;
				ENABLE_STRICT_OBJC_MSGSEND = YES;
				ENABLE_TESTABILITY = YES;
				GCC_C_LANGUAGE_STANDARD = gnu11;
				GCC_DYNAMIC_NO_PIC = NO;
				GCC_NO_COMMON_BLOCKS = YES;
				GCC_OPTIMIZATION_LEVEL = 0;
				GCC_PREPROCESSOR_DEFINITIONS = (
					"DEBUG=1",
					"$(inherited)",
				);
				GCC_WARN_64_TO_32_BIT_CONVERSION = YES;
				GCC_WARN_ABOUT_RETURN_TYPE = YES_ERROR;
				GCC_WARN_UNDECLARED_SELECTOR = YES;
				GCC_WARN_UNINITIALIZED_AUTOS = YES_AGGRESSIVE;
				GCC_WARN_UNUSED_FUNCTION = YES;
				GCC_WARN_UNUSED_VARIABLE = YES;
				IPHONEOS_DEPLOYMENT_TARGET = 13.2;
				MTL_ENABLE_DEBUG_INFO = INCLUDE_SOURCE;
				MTL_FAST_MATH = YES;
				ONLY_ACTIVE_ARCH = YES;
				SDKROOT = iphoneos;
				SWIFT_ACTIVE_COMPILATION_CONDITIONS = DEBUG;
				SWIFT_OPTIMIZATION_LEVEL = "-Onone";
			};
			name = Debug;
		};
		9256B86623E4595D0045EAA5 /* Release */ = {
			isa = XCBuildConfiguration;
			buildSettings = {
				ALWAYS_SEARCH_USER_PATHS = NO;
				CLANG_ANALYZER_NONNULL = YES;
				CLANG_ANALYZER_NUMBER_OBJECT_CONVERSION = YES_AGGRESSIVE;
				CLANG_CXX_LANGUAGE_STANDARD = "gnu++14";
				CLANG_CXX_LIBRARY = "libc++";
				CLANG_ENABLE_MODULES = YES;
				CLANG_ENABLE_OBJC_ARC = YES;
				CLANG_ENABLE_OBJC_WEAK = YES;
				CLANG_WARN_BLOCK_CAPTURE_AUTORELEASING = YES;
				CLANG_WARN_BOOL_CONVERSION = YES;
				CLANG_WARN_COMMA = YES;
				CLANG_WARN_CONSTANT_CONVERSION = YES;
				CLANG_WARN_DEPRECATED_OBJC_IMPLEMENTATIONS = YES;
				CLANG_WARN_DIRECT_OBJC_ISA_USAGE = YES_ERROR;
				CLANG_WARN_DOCUMENTATION_COMMENTS = YES;
				CLANG_WARN_EMPTY_BODY = YES;
				CLANG_WARN_ENUM_CONVERSION = YES;
				CLANG_WARN_INFINITE_RECURSION = YES;
				CLANG_WARN_INT_CONVERSION = YES;
				CLANG_WARN_NON_LITERAL_NULL_CONVERSION = YES;
				CLANG_WARN_OBJC_IMPLICIT_RETAIN_SELF = YES;
				CLANG_WARN_OBJC_LITERAL_CONVERSION = YES;
				CLANG_WARN_OBJC_ROOT_CLASS = YES_ERROR;
				CLANG_WARN_RANGE_LOOP_ANALYSIS = YES;
				CLANG_WARN_STRICT_PROTOTYPES = YES;
				CLANG_WARN_SUSPICIOUS_MOVE = YES;
				CLANG_WARN_UNGUARDED_AVAILABILITY = YES_AGGRESSIVE;
				CLANG_WARN_UNREACHABLE_CODE = YES;
				CLANG_WARN__DUPLICATE_METHOD_MATCH = YES;
				COPY_PHASE_STRIP = NO;
				DEBUG_INFORMATION_FORMAT = "dwarf-with-dsym";
				ENABLE_NS_ASSERTIONS = NO;
				ENABLE_STRICT_OBJC_MSGSEND = YES;
				GCC_C_LANGUAGE_STANDARD = gnu11;
				GCC_NO_COMMON_BLOCKS = YES;
				GCC_WARN_64_TO_32_BIT_CONVERSION = YES;
				GCC_WARN_ABOUT_RETURN_TYPE = YES_ERROR;
				GCC_WARN_UNDECLARED_SELECTOR = YES;
				GCC_WARN_UNINITIALIZED_AUTOS = YES_AGGRESSIVE;
				GCC_WARN_UNUSED_FUNCTION = YES;
				GCC_WARN_UNUSED_VARIABLE = YES;
				IPHONEOS_DEPLOYMENT_TARGET = 13.2;
				MTL_ENABLE_DEBUG_INFO = NO;
				MTL_FAST_MATH = YES;
				SDKROOT = iphoneos;
				SWIFT_COMPILATION_MODE = wholemodule;
				SWIFT_OPTIMIZATION_LEVEL = "-O";
				VALIDATE_PRODUCT = YES;
			};
			name = Release;
		};
		9256B86823E4595D0045EAA5 /* Debug */ = {
			isa = XCBuildConfiguration;
			buildSettings = {
				ASSETCATALOG_COMPILER_APPICON_NAME = AppIcon;
				CODE_SIGN_STYLE = Automatic;
				INFOPLIST_FILE = ListOfFilms/Info.plist;
				LD_RUNPATH_SEARCH_PATHS = (
					"$(inherited)",
					"@executable_path/Frameworks",
				);
				PRODUCT_BUNDLE_IDENTIFIER = Anthony.ListOfFilms;
				PRODUCT_NAME = "$(TARGET_NAME)";
				SWIFT_VERSION = 5.0;
				TARGETED_DEVICE_FAMILY = "1,2";
			};
			name = Debug;
		};
		9256B86923E4595D0045EAA5 /* Release */ = {
			isa = XCBuildConfiguration;
			buildSettings = {
				ASSETCATALOG_COMPILER_APPICON_NAME = AppIcon;
				CODE_SIGN_STYLE = Automatic;
				INFOPLIST_FILE = ListOfFilms/Info.plist;
				LD_RUNPATH_SEARCH_PATHS = (
					"$(inherited)",
					"@executable_path/Frameworks",
				);
				PRODUCT_BUNDLE_IDENTIFIER = Anthony.ListOfFilms;
				PRODUCT_NAME = "$(TARGET_NAME)";
				SWIFT_VERSION = 5.0;
				TARGETED_DEVICE_FAMILY = "1,2";
			};
			name = Release;
		};
/* End XCBuildConfiguration section */

/* Begin XCConfigurationList section */
		9256B84E23E4595C0045EAA5 /* Build configuration list for PBXProject "ListOfFilms" */ = {
			isa = XCConfigurationList;
			buildConfigurations = (
				9256B86523E4595D0045EAA5 /* Debug */,
				9256B86623E4595D0045EAA5 /* Release */,
			);
			defaultConfigurationIsVisible = 0;
			defaultConfigurationName = Release;
		};
		9256B86723E4595D0045EAA5 /* Build configuration list for PBXNativeTarget "ListOfFilms" */ = {
			isa = XCConfigurationList;
			buildConfigurations = (
				9256B86823E4595D0045EAA5 /* Debug */,
				9256B86923E4595D0045EAA5 /* Release */,
			);
			defaultConfigurationIsVisible = 0;
			defaultConfigurationName = Release;
		};
/* End XCConfigurationList section */
	};
	rootObject = 9256B84B23E4595C0045EAA5 /* Project object */;
}
